
Microsoft Visual Studio Solution File, Format Version 12.00
# Visual Studio Version 17
VisualStudioVersion = 17.9.34607.119
MinimumVisualStudioVersion = 10.0.40219.1
Project("{FAE04EC0-301F-11D3-BF4B-00C04F79EFBC}") = "Llamador", "Llamador\Llamador.csproj", "{15F6E6CA-1FEF-4E29-8D11-EB23208446A8}"
EndProject
Global
	GlobalSection(SolutionConfigurationPlatforms) = preSolution
		Debug|Any CPU = Debug|Any CPU
		Release|Any CPU = Release|Any CPU
	EndGlobalSection
	GlobalSection(ProjectConfigurationPlatforms) = postSolution
		{15F6E6CA-1FEF-4E29-8D11-EB23208446A8}.Debug|Any CPU.ActiveCfg = Debug|Any CPU
		{15F6E6CA-1FEF-4E29-8D11-EB23208446A8}.Debug|Any CPU.Build.0 = Debug|Any CPU
		{15F6E6CA-1FEF-4E29-8D11-EB23208446A8}.Release|Any CPU.ActiveCfg = Release|Any CPU
		{15F6E6CA-1FEF-4E29-8D11-EB23208446A8}.Release|Any CPU.Build.0 = Release|Any CPU
	EndGlobalSection
	GlobalSection(SolutionProperties) = preSolution
		HideSolutionNode = FALSE
	EndGlobalSection
	GlobalSection(ExtensibilityGlobals) = postSolution
		SolutionGuid = {3ABB198A-2C2F-470E-B289-E3F8D768AE32}
	EndGlobalSection
EndGlobal
