
Microsoft Visual Studio Solution File, Format Version 12.00
# Visual Studio Version 17
VisualStudioVersion = 17.5.002.0
MinimumVisualStudioVersion = 10.0.40219.1
Project("{9A19103F-16F7-4668-BE54-9A1E7A4F7556}") = "Llamador", "Llamador.csproj", "{C9FEB379-91F7-4D91-A451-A1FAC6AA407F}"
EndProject
Global
	GlobalSection(SolutionConfigurationPlatforms) = preSolution
		Debug|Any CPU = Debug|Any CPU
		Release|Any CPU = Release|Any CPU
	EndGlobalSection
	GlobalSection(ProjectConfigurationPlatforms) = postSolution
		{C9FEB379-91F7-4D91-A451-A1FAC6AA407F}.Debug|Any CPU.ActiveCfg = Debug|Any CPU
		{C9FEB379-91F7-4D91-A451-A1FAC6AA407F}.Debug|Any CPU.Build.0 = Debug|Any CPU
		{C9FEB379-91F7-4D91-A451-A1FAC6AA407F}.Release|Any CPU.ActiveCfg = Release|Any CPU
		{C9FEB379-91F7-4D91-A451-A1FAC6AA407F}.Release|Any CPU.Build.0 = Release|Any CPU
	EndGlobalSection
	GlobalSection(SolutionProperties) = preSolution
		HideSolutionNode = FALSE
	EndGlobalSection
	GlobalSection(ExtensibilityGlobals) = postSolution
		SolutionGuid = {06F394DE-6FEB-44FA-ADA4-FF7124585E64}
	EndGlobalSection
EndGlobal
